// !$*UTF8*$!
{
	archiveVersion = 1;
	classes = {
	};
	objectVersion = 46;
	objects = {

/* Begin PBXBuildFile section */
		0950DCD818FFABFA00957E9C /* Foundation.framework in Frameworks */ = {isa = PBXBuildFile; fileRef = 0950DCD718FFABFA00957E9C /* Foundation.framework */; };
		0950DCDA18FFABFA00957E9C /* CoreGraphics.framework in Frameworks */ = {isa = PBXBuildFile; fileRef = 0950DCD918FFABFA00957E9C /* CoreGraphics.framework */; };
		0950DCDC18FFABFA00957E9C /* UIKit.framework in Frameworks */ = {isa = PBXBuildFile; fileRef = 0950DCDB18FFABFA00957E9C /* UIKit.framework */; };
		0950DCE218FFABFA00957E9C /* InfoPlist.strings in Resources */ = {isa = PBXBuildFile; fileRef = 0950DCE018FFABFA00957E9C /* InfoPlist.strings */; };
		0950DCE418FFABFA00957E9C /* main.m in Sources */ = {isa = PBXBuildFile; fileRef = 0950DCE318FFABFA00957E9C /* main.m */; };
		0950DCE818FFABFA00957E9C /* AppDelegate.m in Sources */ = {isa = PBXBuildFile; fileRef = 0950DCE718FFABFA00957E9C /* AppDelegate.m */; };
		0950DCEA18FFABFA00957E9C /* Images.xcassets in Resources */ = {isa = PBXBuildFile; fileRef = 0950DCE918FFABFA00957E9C /* Images.xcassets */; };
		0950DCF118FFABFA00957E9C /* XCTest.framework in Frameworks */ = {isa = PBXBuildFile; fileRef = 0950DCF018FFABFA00957E9C /* XCTest.framework */; };
		0950DCF218FFABFA00957E9C /* Foundation.framework in Frameworks */ = {isa = PBXBuildFile; fileRef = 0950DCD718FFABFA00957E9C /* Foundation.framework */; };
		0950DCF318FFABFA00957E9C /* UIKit.framework in Frameworks */ = {isa = PBXBuildFile; fileRef = 0950DCDB18FFABFA00957E9C /* UIKit.framework */; };
		0950DCFB18FFABFA00957E9C /* InfoPlist.strings in Resources */ = {isa = PBXBuildFile; fileRef = 0950DCF918FFABFA00957E9C /* InfoPlist.strings */; };
		0950DCFD18FFABFA00957E9C /* PicksTests.m in Sources */ = {isa = PBXBuildFile; fileRef = 0950DCFC18FFABFA00957E9C /* PicksTests.m */; };
		0950DD0918FFAE3200957E9C /* CardViewController.m in Sources */ = {isa = PBXBuildFile; fileRef = 0950DD0718FFAE3200957E9C /* CardViewController.m */; };
		0950DD0A18FFAE3200957E9C /* CardViewController.xib in Resources */ = {isa = PBXBuildFile; fileRef = 0950DD0818FFAE3200957E9C /* CardViewController.xib */; };
		0950DD0D18FFAEC900957E9C /* MenuViewController.m in Sources */ = {isa = PBXBuildFile; fileRef = 0950DD0C18FFAEC900957E9C /* MenuViewController.m */; };
		0950DD1018FFAFE200957E9C /* CardView.m in Sources */ = {isa = PBXBuildFile; fileRef = 0950DD0F18FFAFE200957E9C /* CardView.m */; };
		0950DD1318FFB05E00957E9C /* VoteView.m in Sources */ = {isa = PBXBuildFile; fileRef = 0950DD1218FFB05E00957E9C /* VoteView.m */; };
		0950DD1518FFB29E00957E9C /* defaultImage.jpg in Resources */ = {isa = PBXBuildFile; fileRef = 0950DD1418FFB29E00957E9C /* defaultImage.jpg */; };
		095CDC0219003E5F00802DB9 /* UIViewController+SlidingMenuViewController.m in Sources */ = {isa = PBXBuildFile; fileRef = 095CDC0119003E5F00802DB9 /* UIViewController+SlidingMenuViewController.m */; };
		095CDC051900419800802DB9 /* CardOverlayView.m in Sources */ = {isa = PBXBuildFile; fileRef = 095CDC041900419800802DB9 /* CardOverlayView.m */; };
		09BFC96B19009264008A4529 /* FacebookSDK.framework in Frameworks */ = {isa = PBXBuildFile; fileRef = 09BFC96A19009264008A4529 /* FacebookSDK.framework */; };
		09BFC96F19009390008A4529 /* LoginViewController.m in Sources */ = {isa = PBXBuildFile; fileRef = 09BFC96D19009390008A4529 /* LoginViewController.m */; };
		09BFC97019009390008A4529 /* LoginViewController.xib in Resources */ = {isa = PBXBuildFile; fileRef = 09BFC96E19009390008A4529 /* LoginViewController.xib */; };
		09BFC973190122A2008A4529 /* User.m in Sources */ = {isa = PBXBuildFile; fileRef = 09BFC972190122A2008A4529 /* User.m */; };
		09BFC9761901BD2E008A4529 /* menu-button.png in Resources */ = {isa = PBXBuildFile; fileRef = 09BFC9741901BD2E008A4529 /* menu-button.png */; };
		09BFC9771901BD2E008A4529 /* menu-button@2x.png in Resources */ = {isa = PBXBuildFile; fileRef = 09BFC9751901BD2E008A4529 /* menu-button@2x.png */; };
		09BFC97A1901C938008A4529 /* NavViewController.m in Sources */ = {isa = PBXBuildFile; fileRef = 09BFC9791901C938008A4529 /* NavViewController.m */; };
		C83D48F08F6D495B95D9F103 /* libPods.a in Frameworks */ = {isa = PBXBuildFile; fileRef = 2CC7A540DC2F4F67A91E1B07 /* libPods.a */; };
/* End PBXBuildFile section */

/* Begin PBXContainerItemProxy section */
		0950DCF418FFABFA00957E9C /* PBXContainerItemProxy */ = {
			isa = PBXContainerItemProxy;
			containerPortal = 0950DCCC18FFABFA00957E9C /* Project object */;
			proxyType = 1;
			remoteGlobalIDString = 0950DCD318FFABFA00957E9C;
			remoteInfo = Picks;
		};
/* End PBXContainerItemProxy section */

/* Begin PBXFileReference section */
		0950DCD418FFABFA00957E9C /* Picks.app */ = {isa = PBXFileReference; explicitFileType = wrapper.application; includeInIndex = 0; path = Picks.app; sourceTree = BUILT_PRODUCTS_DIR; };
		0950DCD718FFABFA00957E9C /* Foundation.framework */ = {isa = PBXFileReference; lastKnownFileType = wrapper.framework; name = Foundation.framework; path = System/Library/Frameworks/Foundation.framework; sourceTree = SDKROOT; };
		0950DCD918FFABFA00957E9C /* CoreGraphics.framework */ = {isa = PBXFileReference; lastKnownFileType = wrapper.framework; name = CoreGraphics.framework; path = System/Library/Frameworks/CoreGraphics.framework; sourceTree = SDKROOT; };
		0950DCDB18FFABFA00957E9C /* UIKit.framework */ = {isa = PBXFileReference; lastKnownFileType = wrapper.framework; name = UIKit.framework; path = System/Library/Frameworks/UIKit.framework; sourceTree = SDKROOT; };
		0950DCDF18FFABFA00957E9C /* Picks-Info.plist */ = {isa = PBXFileReference; lastKnownFileType = text.plist.xml; path = "Picks-Info.plist"; sourceTree = "<group>"; };
		0950DCE118FFABFA00957E9C /* en */ = {isa = PBXFileReference; lastKnownFileType = text.plist.strings; name = en; path = en.lproj/InfoPlist.strings; sourceTree = "<group>"; };
		0950DCE318FFABFA00957E9C /* main.m */ = {isa = PBXFileReference; lastKnownFileType = sourcecode.c.objc; path = main.m; sourceTree = "<group>"; };
		0950DCE518FFABFA00957E9C /* Picks-Prefix.pch */ = {isa = PBXFileReference; lastKnownFileType = sourcecode.c.h; path = "Picks-Prefix.pch"; sourceTree = "<group>"; };
		0950DCE618FFABFA00957E9C /* AppDelegate.h */ = {isa = PBXFileReference; lastKnownFileType = sourcecode.c.h; path = AppDelegate.h; sourceTree = "<group>"; };
		0950DCE718FFABFA00957E9C /* AppDelegate.m */ = {isa = PBXFileReference; lastKnownFileType = sourcecode.c.objc; path = AppDelegate.m; sourceTree = "<group>"; };
		0950DCE918FFABFA00957E9C /* Images.xcassets */ = {isa = PBXFileReference; lastKnownFileType = folder.assetcatalog; path = Images.xcassets; sourceTree = "<group>"; };
		0950DCEF18FFABFA00957E9C /* PicksTests.xctest */ = {isa = PBXFileReference; explicitFileType = wrapper.cfbundle; includeInIndex = 0; path = PicksTests.xctest; sourceTree = BUILT_PRODUCTS_DIR; };
		0950DCF018FFABFA00957E9C /* XCTest.framework */ = {isa = PBXFileReference; lastKnownFileType = wrapper.framework; name = XCTest.framework; path = Library/Frameworks/XCTest.framework; sourceTree = DEVELOPER_DIR; };
		0950DCF818FFABFA00957E9C /* PicksTests-Info.plist */ = {isa = PBXFileReference; lastKnownFileType = text.plist.xml; path = "PicksTests-Info.plist"; sourceTree = "<group>"; };
		0950DCFA18FFABFA00957E9C /* en */ = {isa = PBXFileReference; lastKnownFileType = text.plist.strings; name = en; path = en.lproj/InfoPlist.strings; sourceTree = "<group>"; };
		0950DCFC18FFABFA00957E9C /* PicksTests.m */ = {isa = PBXFileReference; lastKnownFileType = sourcecode.c.objc; path = PicksTests.m; sourceTree = "<group>"; };
		0950DD0618FFAE3200957E9C /* CardViewController.h */ = {isa = PBXFileReference; fileEncoding = 4; lastKnownFileType = sourcecode.c.h; path = CardViewController.h; sourceTree = "<group>"; };
		0950DD0718FFAE3200957E9C /* CardViewController.m */ = {isa = PBXFileReference; fileEncoding = 4; lastKnownFileType = sourcecode.c.objc; path = CardViewController.m; sourceTree = "<group>"; };
		0950DD0818FFAE3200957E9C /* CardViewController.xib */ = {isa = PBXFileReference; fileEncoding = 4; lastKnownFileType = file.xib; path = CardViewController.xib; sourceTree = "<group>"; };
		0950DD0B18FFAEC900957E9C /* MenuViewController.h */ = {isa = PBXFileReference; fileEncoding = 4; lastKnownFileType = sourcecode.c.h; path = MenuViewController.h; sourceTree = "<group>"; };
		0950DD0C18FFAEC900957E9C /* MenuViewController.m */ = {isa = PBXFileReference; fileEncoding = 4; lastKnownFileType = sourcecode.c.objc; path = MenuViewController.m; sourceTree = "<group>"; };
		0950DD0E18FFAFE200957E9C /* CardView.h */ = {isa = PBXFileReference; fileEncoding = 4; lastKnownFileType = sourcecode.c.h; path = CardView.h; sourceTree = "<group>"; };
		0950DD0F18FFAFE200957E9C /* CardView.m */ = {isa = PBXFileReference; fileEncoding = 4; lastKnownFileType = sourcecode.c.objc; path = CardView.m; sourceTree = "<group>"; };
		0950DD1118FFB05E00957E9C /* VoteView.h */ = {isa = PBXFileReference; fileEncoding = 4; lastKnownFileType = sourcecode.c.h; path = VoteView.h; sourceTree = "<group>"; };
		0950DD1218FFB05E00957E9C /* VoteView.m */ = {isa = PBXFileReference; fileEncoding = 4; lastKnownFileType = sourcecode.c.objc; path = VoteView.m; sourceTree = "<group>"; };
		0950DD1418FFB29E00957E9C /* defaultImage.jpg */ = {isa = PBXFileReference; lastKnownFileType = image.jpeg; path = defaultImage.jpg; sourceTree = "<group>"; };
		095CDC0019003E5F00802DB9 /* UIViewController+SlidingMenuViewController.h */ = {isa = PBXFileReference; fileEncoding = 4; lastKnownFileType = sourcecode.c.h; path = "UIViewController+SlidingMenuViewController.h"; sourceTree = "<group>"; };
		095CDC0119003E5F00802DB9 /* UIViewController+SlidingMenuViewController.m */ = {isa = PBXFileReference; fileEncoding = 4; lastKnownFileType = sourcecode.c.objc; path = "UIViewController+SlidingMenuViewController.m"; sourceTree = "<group>"; };
		095CDC031900419800802DB9 /* CardOverlayView.h */ = {isa = PBXFileReference; fileEncoding = 4; lastKnownFileType = sourcecode.c.h; path = CardOverlayView.h; sourceTree = "<group>"; };
		095CDC041900419800802DB9 /* CardOverlayView.m */ = {isa = PBXFileReference; fileEncoding = 4; lastKnownFileType = sourcecode.c.objc; path = CardOverlayView.m; sourceTree = "<group>"; };
		09BFC96A19009264008A4529 /* FacebookSDK.framework */ = {isa = PBXFileReference; lastKnownFileType = wrapper.framework; path = FacebookSDK.framework; sourceTree = "<group>"; };
		09BFC96C19009390008A4529 /* LoginViewController.h */ = {isa = PBXFileReference; fileEncoding = 4; lastKnownFileType = sourcecode.c.h; path = LoginViewController.h; sourceTree = "<group>"; };
		09BFC96D19009390008A4529 /* LoginViewController.m */ = {isa = PBXFileReference; fileEncoding = 4; lastKnownFileType = sourcecode.c.objc; path = LoginViewController.m; sourceTree = "<group>"; };
		09BFC96E19009390008A4529 /* LoginViewController.xib */ = {isa = PBXFileReference; fileEncoding = 4; lastKnownFileType = file.xib; path = LoginViewController.xib; sourceTree = "<group>"; };
		09BFC971190122A2008A4529 /* User.h */ = {isa = PBXFileReference; fileEncoding = 4; lastKnownFileType = sourcecode.c.h; path = User.h; sourceTree = "<group>"; };
		09BFC972190122A2008A4529 /* User.m */ = {isa = PBXFileReference; fileEncoding = 4; lastKnownFileType = sourcecode.c.objc; path = User.m; sourceTree = "<group>"; };
		09BFC9741901BD2E008A4529 /* menu-button.png */ = {isa = PBXFileReference; lastKnownFileType = image.png; path = "menu-button.png"; sourceTree = "<group>"; };
		09BFC9751901BD2E008A4529 /* menu-button@2x.png */ = {isa = PBXFileReference; lastKnownFileType = image.png; path = "menu-button@2x.png"; sourceTree = "<group>"; };
		09BFC9781901C938008A4529 /* NavViewController.h */ = {isa = PBXFileReference; fileEncoding = 4; lastKnownFileType = sourcecode.c.h; path = NavViewController.h; sourceTree = "<group>"; };
		09BFC9791901C938008A4529 /* NavViewController.m */ = {isa = PBXFileReference; fileEncoding = 4; lastKnownFileType = sourcecode.c.objc; path = NavViewController.m; sourceTree = "<group>"; };
		2CC7A540DC2F4F67A91E1B07 /* libPods.a */ = {isa = PBXFileReference; explicitFileType = archive.ar; includeInIndex = 0; path = libPods.a; sourceTree = BUILT_PRODUCTS_DIR; };
		F6B97D911E4D4599BFB3C12D /* Pods.xcconfig */ = {isa = PBXFileReference; includeInIndex = 1; lastKnownFileType = text.xcconfig; name = Pods.xcconfig; path = Pods/Pods.xcconfig; sourceTree = "<group>"; };
/* End PBXFileReference section */

/* Begin PBXFrameworksBuildPhase section */
		0950DCD118FFABFA00957E9C /* Frameworks */ = {
			isa = PBXFrameworksBuildPhase;
			buildActionMask = 2147483647;
			files = (
				0950DCDA18FFABFA00957E9C /* CoreGraphics.framework in Frameworks */,
				09BFC96B19009264008A4529 /* FacebookSDK.framework in Frameworks */,
				0950DCDC18FFABFA00957E9C /* UIKit.framework in Frameworks */,
				0950DCD818FFABFA00957E9C /* Foundation.framework in Frameworks */,
				C83D48F08F6D495B95D9F103 /* libPods.a in Frameworks */,
			);
			runOnlyForDeploymentPostprocessing = 0;
		};
		0950DCEC18FFABFA00957E9C /* Frameworks */ = {
			isa = PBXFrameworksBuildPhase;
			buildActionMask = 2147483647;
			files = (
				0950DCF118FFABFA00957E9C /* XCTest.framework in Frameworks */,
				0950DCF318FFABFA00957E9C /* UIKit.framework in Frameworks */,
				0950DCF218FFABFA00957E9C /* Foundation.framework in Frameworks */,
			);
			runOnlyForDeploymentPostprocessing = 0;
		};
/* End PBXFrameworksBuildPhase section */

/* Begin PBXGroup section */
		0950DCCB18FFABFA00957E9C = {
			isa = PBXGroup;
			children = (
				0950DCDD18FFABFA00957E9C /* Picks */,
				0950DCF618FFABFA00957E9C /* PicksTests */,
				0950DCD618FFABFA00957E9C /* Frameworks */,
				0950DCD518FFABFA00957E9C /* Products */,
				F6B97D911E4D4599BFB3C12D /* Pods.xcconfig */,
			);
			sourceTree = "<group>";
		};
		0950DCD518FFABFA00957E9C /* Products */ = {
			isa = PBXGroup;
			children = (
				0950DCD418FFABFA00957E9C /* Picks.app */,
				0950DCEF18FFABFA00957E9C /* PicksTests.xctest */,
			);
			name = Products;
			sourceTree = "<group>";
		};
		0950DCD618FFABFA00957E9C /* Frameworks */ = {
			isa = PBXGroup;
			children = (
				09BFC96A19009264008A4529 /* FacebookSDK.framework */,
				0950DCD718FFABFA00957E9C /* Foundation.framework */,
				0950DCD918FFABFA00957E9C /* CoreGraphics.framework */,
				0950DCDB18FFABFA00957E9C /* UIKit.framework */,
				0950DCF018FFABFA00957E9C /* XCTest.framework */,
				2CC7A540DC2F4F67A91E1B07 /* libPods.a */,
			);
			name = Frameworks;
			sourceTree = "<group>";
		};
		0950DCDD18FFABFA00957E9C /* Picks */ = {
			isa = PBXGroup;
			children = (
				09BFC97B1901D0FD008A4529 /* Controllers */,
				09BFC97C1901D11C008A4529 /* Views */,
				0950DCE618FFABFA00957E9C /* AppDelegate.h */,
				0950DCE718FFABFA00957E9C /* AppDelegate.m */,
				0950DD0818FFAE3200957E9C /* CardViewController.xib */,
				09BFC96E19009390008A4529 /* LoginViewController.xib */,
				09BFC971190122A2008A4529 /* User.h */,
				09BFC972190122A2008A4529 /* User.m */,
				0950DD1418FFB29E00957E9C /* defaultImage.jpg */,
				09BFC9741901BD2E008A4529 /* menu-button.png */,
				09BFC9751901BD2E008A4529 /* menu-button@2x.png */,
				0950DCE918FFABFA00957E9C /* Images.xcassets */,
				0950DCDE18FFABFA00957E9C /* Supporting Files */,
			);
			path = Picks;
			sourceTree = "<group>";
		};
		0950DCDE18FFABFA00957E9C /* Supporting Files */ = {
			isa = PBXGroup;
			children = (
				0950DCDF18FFABFA00957E9C /* Picks-Info.plist */,
				0950DCE018FFABFA00957E9C /* InfoPlist.strings */,
				0950DCE318FFABFA00957E9C /* main.m */,
				0950DCE518FFABFA00957E9C /* Picks-Prefix.pch */,
			);
			name = "Supporting Files";
			sourceTree = "<group>";
		};
		0950DCF618FFABFA00957E9C /* PicksTests */ = {
			isa = PBXGroup;
			children = (
				0950DCFC18FFABFA00957E9C /* PicksTests.m */,
				0950DCF718FFABFA00957E9C /* Supporting Files */,
			);
			path = PicksTests;
			sourceTree = "<group>";
		};
		0950DCF718FFABFA00957E9C /* Supporting Files */ = {
			isa = PBXGroup;
			children = (
				0950DCF818FFABFA00957E9C /* PicksTests-Info.plist */,
				0950DCF918FFABFA00957E9C /* InfoPlist.strings */,
			);
			name = "Supporting Files";
			sourceTree = "<group>";
		};
		09BFC97B1901D0FD008A4529 /* Controllers */ = {
			isa = PBXGroup;
			children = (
				09BFC9781901C938008A4529 /* NavViewController.h */,
				09BFC9791901C938008A4529 /* NavViewController.m */,
				0950DD0B18FFAEC900957E9C /* MenuViewController.h */,
				0950DD0C18FFAEC900957E9C /* MenuViewController.m */,
				0950DD0618FFAE3200957E9C /* CardViewController.h */,
				0950DD0718FFAE3200957E9C /* CardViewController.m */,
				095CDC0019003E5F00802DB9 /* UIViewController+SlidingMenuViewController.h */,
				095CDC0119003E5F00802DB9 /* UIViewController+SlidingMenuViewController.m */,
				09BFC96C19009390008A4529 /* LoginViewController.h */,
				09BFC96D19009390008A4529 /* LoginViewController.m */,
			);
			name = Controllers;
			sourceTree = "<group>";
		};
		09BFC97C1901D11C008A4529 /* Views */ = {
			isa = PBXGroup;
			children = (
				0950DD0E18FFAFE200957E9C /* CardView.h */,
				0950DD0F18FFAFE200957E9C /* CardView.m */,
				0950DD1118FFB05E00957E9C /* VoteView.h */,
				0950DD1218FFB05E00957E9C /* VoteView.m */,
				095CDC031900419800802DB9 /* CardOverlayView.h */,
				095CDC041900419800802DB9 /* CardOverlayView.m */,
			);
			name = Views;
			sourceTree = "<group>";
		};
/* End PBXGroup section */

/* Begin PBXNativeTarget section */
		0950DCD318FFABFA00957E9C /* Picks */ = {
			isa = PBXNativeTarget;
			buildConfigurationList = 0950DD0018FFABFA00957E9C /* Build configuration list for PBXNativeTarget "Picks" */;
			buildPhases = (
				0BA77243BCD647379ECB8EA1 /* Check Pods Manifest.lock */,
				0950DCD018FFABFA00957E9C /* Sources */,
				0950DCD118FFABFA00957E9C /* Frameworks */,
				0950DCD218FFABFA00957E9C /* Resources */,
				E6F2860F8D84485C96C75EA2 /* Copy Pods Resources */,
			);
			buildRules = (
			);
			dependencies = (
			);
			name = Picks;
			productName = Picks;
			productReference = 0950DCD418FFABFA00957E9C /* Picks.app */;
			productType = "com.apple.product-type.application";
		};
		0950DCEE18FFABFA00957E9C /* PicksTests */ = {
			isa = PBXNativeTarget;
			buildConfigurationList = 0950DD0318FFABFA00957E9C /* Build configuration list for PBXNativeTarget "PicksTests" */;
			buildPhases = (
				0950DCEB18FFABFA00957E9C /* Sources */,
				0950DCEC18FFABFA00957E9C /* Frameworks */,
				0950DCED18FFABFA00957E9C /* Resources */,
			);
			buildRules = (
			);
			dependencies = (
				0950DCF518FFABFA00957E9C /* PBXTargetDependency */,
			);
			name = PicksTests;
			productName = PicksTests;
			productReference = 0950DCEF18FFABFA00957E9C /* PicksTests.xctest */;
			productType = "com.apple.product-type.bundle.unit-test";
		};
/* End PBXNativeTarget section */

/* Begin PBXProject section */
		0950DCCC18FFABFA00957E9C /* Project object */ = {
			isa = PBXProject;
			attributes = {
				LastUpgradeCheck = 0510;
				ORGANIZATIONNAME = "Rafael and Rau";
				TargetAttributes = {
					0950DCD318FFABFA00957E9C = {
						DevelopmentTeam = 2T4Z7K8TAX;
					};
					0950DCEE18FFABFA00957E9C = {
						TestTargetID = 0950DCD318FFABFA00957E9C;
					};
				};
			};
			buildConfigurationList = 0950DCCF18FFABFA00957E9C /* Build configuration list for PBXProject "Picks" */;
			compatibilityVersion = "Xcode 3.2";
			developmentRegion = English;
			hasScannedForEncodings = 0;
			knownRegions = (
				en,
			);
			mainGroup = 0950DCCB18FFABFA00957E9C;
			productRefGroup = 0950DCD518FFABFA00957E9C /* Products */;
			projectDirPath = "";
			projectRoot = "";
			targets = (
				0950DCD318FFABFA00957E9C /* Picks */,
				0950DCEE18FFABFA00957E9C /* PicksTests */,
			);
		};
/* End PBXProject section */

/* Begin PBXResourcesBuildPhase section */
		0950DCD218FFABFA00957E9C /* Resources */ = {
			isa = PBXResourcesBuildPhase;
			buildActionMask = 2147483647;
			files = (
				09BFC97019009390008A4529 /* LoginViewController.xib in Resources */,
				0950DCE218FFABFA00957E9C /* InfoPlist.strings in Resources */,
				09BFC9761901BD2E008A4529 /* menu-button.png in Resources */,
				09BFC9771901BD2E008A4529 /* menu-button@2x.png in Resources */,
				0950DCEA18FFABFA00957E9C /* Images.xcassets in Resources */,
				0950DD0A18FFAE3200957E9C /* CardViewController.xib in Resources */,
				0950DD1518FFB29E00957E9C /* defaultImage.jpg in Resources */,
			);
			runOnlyForDeploymentPostprocessing = 0;
		};
		0950DCED18FFABFA00957E9C /* Resources */ = {
			isa = PBXResourcesBuildPhase;
			buildActionMask = 2147483647;
			files = (
				0950DCFB18FFABFA00957E9C /* InfoPlist.strings in Resources */,
			);
			runOnlyForDeploymentPostprocessing = 0;
		};
/* End PBXResourcesBuildPhase section */

/* Begin PBXShellScriptBuildPhase section */
		0BA77243BCD647379ECB8EA1 /* Check Pods Manifest.lock */ = {
			isa = PBXShellScriptBuildPhase;
			buildActionMask = 2147483647;
			files = (
			);
			inputPaths = (
			);
			name = "Check Pods Manifest.lock";
			outputPaths = (
			);
			runOnlyForDeploymentPostprocessing = 0;
			shellPath = /bin/sh;
			shellScript = "diff \"${PODS_ROOT}/../Podfile.lock\" \"${PODS_ROOT}/Manifest.lock\" > /dev/null\nif [[ $? != 0 ]] ; then\n    cat << EOM\nerror: The sandbox is not in sync with the Podfile.lock. Run 'pod install' or update your CocoaPods installation.\nEOM\n    exit 1\nfi\n";
			showEnvVarsInLog = 0;
		};
		E6F2860F8D84485C96C75EA2 /* Copy Pods Resources */ = {
			isa = PBXShellScriptBuildPhase;
			buildActionMask = 2147483647;
			files = (
			);
			inputPaths = (
			);
			name = "Copy Pods Resources";
			outputPaths = (
			);
			runOnlyForDeploymentPostprocessing = 0;
			shellPath = /bin/sh;
			shellScript = "\"${SRCROOT}/Pods/Pods-resources.sh\"\n";
			showEnvVarsInLog = 0;
		};
/* End PBXShellScriptBuildPhase section */

/* Begin PBXSourcesBuildPhase section */
		0950DCD018FFABFA00957E9C /* Sources */ = {
			isa = PBXSourcesBuildPhase;
			buildActionMask = 2147483647;
			files = (
				09BFC973190122A2008A4529 /* User.m in Sources */,
				09BFC97A1901C938008A4529 /* NavViewController.m in Sources */,
				095CDC0219003E5F00802DB9 /* UIViewController+SlidingMenuViewController.m in Sources */,
				0950DD1318FFB05E00957E9C /* VoteView.m in Sources */,
				0950DCE818FFABFA00957E9C /* AppDelegate.m in Sources */,
				095CDC051900419800802DB9 /* CardOverlayView.m in Sources */,
				0950DCE418FFABFA00957E9C /* main.m in Sources */,
				09BFC96F19009390008A4529 /* LoginViewController.m in Sources */,
				0950DD1018FFAFE200957E9C /* CardView.m in Sources */,
				0950DD0918FFAE3200957E9C /* CardViewController.m in Sources */,
				0950DD0D18FFAEC900957E9C /* MenuViewController.m in Sources */,
			);
			runOnlyForDeploymentPostprocessing = 0;
		};
		0950DCEB18FFABFA00957E9C /* Sources */ = {
			isa = PBXSourcesBuildPhase;
			buildActionMask = 2147483647;
			files = (
				0950DCFD18FFABFA00957E9C /* PicksTests.m in Sources */,
			);
			runOnlyForDeploymentPostprocessing = 0;
		};
/* End PBXSourcesBuildPhase section */

/* Begin PBXTargetDependency section */
		0950DCF518FFABFA00957E9C /* PBXTargetDependency */ = {
			isa = PBXTargetDependency;
			target = 0950DCD318FFABFA00957E9C /* Picks */;
			targetProxy = 0950DCF418FFABFA00957E9C /* PBXContainerItemProxy */;
		};
/* End PBXTargetDependency section */

/* Begin PBXVariantGroup section */
		0950DCE018FFABFA00957E9C /* InfoPlist.strings */ = {
			isa = PBXVariantGroup;
			children = (
				0950DCE118FFABFA00957E9C /* en */,
			);
			name = InfoPlist.strings;
			sourceTree = "<group>";
		};
		0950DCF918FFABFA00957E9C /* InfoPlist.strings */ = {
			isa = PBXVariantGroup;
			children = (
				0950DCFA18FFABFA00957E9C /* en */,
			);
			name = InfoPlist.strings;
			sourceTree = "<group>";
		};
/* End PBXVariantGroup section */

/* Begin XCBuildConfiguration section */
		0950DCFE18FFABFA00957E9C /* Debug */ = {
			isa = XCBuildConfiguration;
			buildSettings = {
				ALWAYS_SEARCH_USER_PATHS = NO;
				CLANG_CXX_LANGUAGE_STANDARD = "gnu++0x";
				CLANG_CXX_LIBRARY = "libc++";
				CLANG_ENABLE_MODULES = YES;
				CLANG_ENABLE_OBJC_ARC = YES;
				CLANG_WARN_BOOL_CONVERSION = YES;
				CLANG_WARN_CONSTANT_CONVERSION = YES;
				CLANG_WARN_DIRECT_OBJC_ISA_USAGE = YES_ERROR;
				CLANG_WARN_EMPTY_BODY = YES;
				CLANG_WARN_ENUM_CONVERSION = YES;
				CLANG_WARN_INT_CONVERSION = YES;
				CLANG_WARN_OBJC_ROOT_CLASS = YES_ERROR;
				CLANG_WARN__DUPLICATE_METHOD_MATCH = YES;
				"CODE_SIGN_IDENTITY[sdk=iphoneos*]" = "iPhone Developer";
				COPY_PHASE_STRIP = NO;
				GCC_C_LANGUAGE_STANDARD = gnu99;
				GCC_DYNAMIC_NO_PIC = NO;
				GCC_OPTIMIZATION_LEVEL = 0;
				GCC_PREPROCESSOR_DEFINITIONS = (
					"DEBUG=1",
					"$(inherited)",
				);
				GCC_SYMBOLS_PRIVATE_EXTERN = NO;
				GCC_WARN_64_TO_32_BIT_CONVERSION = YES;
				GCC_WARN_ABOUT_RETURN_TYPE = YES_ERROR;
				GCC_WARN_UNDECLARED_SELECTOR = YES;
				GCC_WARN_UNINITIALIZED_AUTOS = YES_AGGRESSIVE;
				GCC_WARN_UNUSED_FUNCTION = YES;
				GCC_WARN_UNUSED_VARIABLE = YES;
				IPHONEOS_DEPLOYMENT_TARGET = 7.1;
				ONLY_ACTIVE_ARCH = YES;
				SDKROOT = iphoneos;
			};
			name = Debug;
		};
		0950DCFF18FFABFA00957E9C /* Release */ = {
			isa = XCBuildConfiguration;
			buildSettings = {
				ALWAYS_SEARCH_USER_PATHS = NO;
				CLANG_CXX_LANGUAGE_STANDARD = "gnu++0x";
				CLANG_CXX_LIBRARY = "libc++";
				CLANG_ENABLE_MODULES = YES;
				CLANG_ENABLE_OBJC_ARC = YES;
				CLANG_WARN_BOOL_CONVERSION = YES;
				CLANG_WARN_CONSTANT_CONVERSION = YES;
				CLANG_WARN_DIRECT_OBJC_ISA_USAGE = YES_ERROR;
				CLANG_WARN_EMPTY_BODY = YES;
				CLANG_WARN_ENUM_CONVERSION = YES;
				CLANG_WARN_INT_CONVERSION = YES;
				CLANG_WARN_OBJC_ROOT_CLASS = YES_ERROR;
				CLANG_WARN__DUPLICATE_METHOD_MATCH = YES;
				"CODE_SIGN_IDENTITY[sdk=iphoneos*]" = "iPhone Developer";
				COPY_PHASE_STRIP = YES;
				ENABLE_NS_ASSERTIONS = NO;
				GCC_C_LANGUAGE_STANDARD = gnu99;
				GCC_WARN_64_TO_32_BIT_CONVERSION = YES;
				GCC_WARN_ABOUT_RETURN_TYPE = YES_ERROR;
				GCC_WARN_UNDECLARED_SELECTOR = YES;
				GCC_WARN_UNINITIALIZED_AUTOS = YES_AGGRESSIVE;
				GCC_WARN_UNUSED_FUNCTION = YES;
				GCC_WARN_UNUSED_VARIABLE = YES;
				IPHONEOS_DEPLOYMENT_TARGET = 7.1;
				SDKROOT = iphoneos;
				VALIDATE_PRODUCT = YES;
			};
			name = Release;
		};
		0950DD0118FFABFA00957E9C /* Debug */ = {
			isa = XCBuildConfiguration;
			baseConfigurationReference = F6B97D911E4D4599BFB3C12D /* Pods.xcconfig */;
			buildSettings = {
				ASSETCATALOG_COMPILER_APPICON_NAME = AppIcon;
				ASSETCATALOG_COMPILER_LAUNCHIMAGE_NAME = LaunchImage;
				CODE_SIGN_IDENTITY = "iPhone Developer";
				"CODE_SIGN_IDENTITY[sdk=iphoneos*]" = "iPhone Developer";
				FRAMEWORK_SEARCH_PATHS = (
					"$(inherited)",
					"$(PROJECT_DIR)",
				);
				GCC_PRECOMPILE_PREFIX_HEADER = YES;
				GCC_PREFIX_HEADER = "Picks/Picks-Prefix.pch";
				INFOPLIST_FILE = "Picks/Picks-Info.plist";
				PRODUCT_NAME = "$(TARGET_NAME)";
				PROVISIONING_PROFILE = "";
				WRAPPER_EXTENSION = app;
			};
			name = Debug;
		};
		0950DD0218FFABFA00957E9C /* Release */ = {
			isa = XCBuildConfiguration;
			baseConfigurationReference = F6B97D911E4D4599BFB3C12D /* Pods.xcconfig */;
			buildSettings = {
				ASSETCATALOG_COMPILER_APPICON_NAME = AppIcon;
				ASSETCATALOG_COMPILER_LAUNCHIMAGE_NAME = LaunchImage;
				CODE_SIGN_IDENTITY = "iPhone Developer";
				"CODE_SIGN_IDENTITY[sdk=iphoneos*]" = "iPhone Developer";
				FRAMEWORK_SEARCH_PATHS = (
					"$(inherited)",
					"$(PROJECT_DIR)",
				);
				GCC_PRECOMPILE_PREFIX_HEADER = YES;
				GCC_PREFIX_HEADER = "Picks/Picks-Prefix.pch";
				INFOPLIST_FILE = "Picks/Picks-Info.plist";
				PRODUCT_NAME = "$(TARGET_NAME)";
				PROVISIONING_PROFILE = "";
				WRAPPER_EXTENSION = app;
			};
			name = Release;
		};
		0950DD0418FFABFA00957E9C /* Debug */ = {
			isa = XCBuildConfiguration;
			buildSettings = {
				BUNDLE_LOADER = "$(BUILT_PRODUCTS_DIR)/Picks.app/Picks";
				FRAMEWORK_SEARCH_PATHS = (
					"$(SDKROOT)/Developer/Library/Frameworks",
					"$(inherited)",
					"$(DEVELOPER_FRAMEWORKS_DIR)",
				);
				GCC_PRECOMPILE_PREFIX_HEADER = YES;
				GCC_PREFIX_HEADER = "Picks/Picks-Prefix.pch";
				GCC_PREPROCESSOR_DEFINITIONS = (
					"DEBUG=1",
					"$(inherited)",
				);
				INFOPLIST_FILE = "PicksTests/PicksTests-Info.plist";
				PRODUCT_NAME = "$(TARGET_NAME)";
				TEST_HOST = "$(BUNDLE_LOADER)";
				WRAPPER_EXTENSION = xctest;
			};
			name = Debug;
		};
		0950DD0518FFABFA00957E9C /* Release */ = {
			isa = XCBuildConfiguration;
			buildSettings = {
				BUNDLE_LOADER = "$(BUILT_PRODUCTS_DIR)/Picks.app/Picks";
				FRAMEWORK_SEARCH_PATHS = (
					"$(SDKROOT)/Developer/Library/Frameworks",
					"$(inherited)",
					"$(DEVELOPER_FRAMEWORKS_DIR)",
				);
				GCC_PRECOMPILE_PREFIX_HEADER = YES;
				GCC_PREFIX_HEADER = "Picks/Picks-Prefix.pch";
				INFOPLIST_FILE = "PicksTests/PicksTests-Info.plist";
				PRODUCT_NAME = "$(TARGET_NAME)";
				TEST_HOST = "$(BUNDLE_LOADER)";
				WRAPPER_EXTENSION = xctest;
			};
			name = Release;
		};
/* End XCBuildConfiguration section */

/* Begin XCConfigurationList section */
		0950DCCF18FFABFA00957E9C /* Build configuration list for PBXProject "Picks" */ = {
			isa = XCConfigurationList;
			buildConfigurations = (
				0950DCFE18FFABFA00957E9C /* Debug */,
				0950DCFF18FFABFA00957E9C /* Release */,
			);
			defaultConfigurationIsVisible = 0;
			defaultConfigurationName = Release;
		};
		0950DD0018FFABFA00957E9C /* Build configuration list for PBXNativeTarget "Picks" */ = {
			isa = XCConfigurationList;
			buildConfigurations = (
				0950DD0118FFABFA00957E9C /* Debug */,
				0950DD0218FFABFA00957E9C /* Release */,
			);
			defaultConfigurationIsVisible = 0;
			defaultConfigurationName = Release;
		};
		0950DD0318FFABFA00957E9C /* Build configuration list for PBXNativeTarget "PicksTests" */ = {
			isa = XCConfigurationList;
			buildConfigurations = (
				0950DD0418FFABFA00957E9C /* Debug */,
				0950DD0518FFABFA00957E9C /* Release */,
			);
			defaultConfigurationIsVisible = 0;
			defaultConfigurationName = Release;
		};
/* End XCConfigurationList section */
	};
	rootObject = 0950DCCC18FFABFA00957E9C /* Project object */;
}
